
Microsoft Visual Studio Solution File, Format Version 12.00
# Visual Studio Version 17
VisualStudioVersion = 17.6.33829.357
MinimumVisualStudioVersion = 10.0.40219.1
Project("{FAE04EC0-301F-11D3-BF4B-00C04F79EFBC}") = "AdamAndEve", "AdamAndEve.csproj", "{B958BB69-7A82-424C-B126-91FAB8C05F07}"
EndProject
Global
	GlobalSection(SolutionConfigurationPlatforms) = preSolution
		Debug|Any CPU = Debug|Any CPU
		Release|Any CPU = Release|Any CPU
	EndGlobalSection
	GlobalSection(ProjectConfigurationPlatforms) = postSolution
		{B958BB69-7A82-424C-B126-91FAB8C05F07}.Debug|Any CPU.ActiveCfg = Debug|Any CPU
		{B958BB69-7A82-424C-B126-91FAB8C05F07}.Debug|Any CPU.Build.0 = Debug|Any CPU
		{B958BB69-7A82-424C-B126-91FAB8C05F07}.Release|Any CPU.ActiveCfg = Release|Any CPU
		{B958BB69-7A82-424C-B126-91FAB8C05F07}.Release|Any CPU.Build.0 = Release|Any CPU
	EndGlobalSection
	GlobalSection(SolutionProperties) = preSolution
		HideSolutionNode = FALSE
	EndGlobalSection
	GlobalSection(ExtensibilityGlobals) = postSolution
		SolutionGuid = {E2673007-F1AB-475F-9F0D-20022630E666}
	EndGlobalSection
EndGlobal
